
Microsoft Visual Studio Solution File, Format Version 12.00
# Visual Studio Version 17
VisualStudioVersion = 17.0.31903.59
MinimumVisualStudioVersion = 10.0.40219.1
Project("{F2A71F9B-5D33-465A-A702-920D77279786}") = "SampleApi", "SampleApi\SampleApi.fsproj", "{42388921-BD93-4090-AAFB-81B244565883}"
EndProject
Project("{F2A71F9B-5D33-465A-A702-920D77279786}") = "SampleApi.Test", "SampleApi.Test\SampleApi.Test.fsproj", "{986BB856-D768-4644-8084-B162B7BC1AAE}"
EndProject
Global
	GlobalSection(SolutionConfigurationPlatforms) = preSolution
		Debug|Any CPU = Debug|Any CPU
		Release|Any CPU = Release|Any CPU
	EndGlobalSection
	GlobalSection(SolutionProperties) = preSolution
		HideSolutionNode = FALSE
	EndGlobalSection
	GlobalSection(ProjectConfigurationPlatforms) = postSolution
		{42388921-BD93-4090-AAFB-81B244565883}.Debug|Any CPU.ActiveCfg = Debug|Any CPU
		{42388921-BD93-4090-AAFB-81B244565883}.Debug|Any CPU.Build.0 = Debug|Any CPU
		{42388921-BD93-4090-AAFB-81B244565883}.Release|Any CPU.ActiveCfg = Release|Any CPU
		{42388921-BD93-4090-AAFB-81B244565883}.Release|Any CPU.Build.0 = Release|Any CPU
		{986BB856-D768-4644-8084-B162B7BC1AAE}.Debug|Any CPU.ActiveCfg = Debug|Any CPU
		{986BB856-D768-4644-8084-B162B7BC1AAE}.Debug|Any CPU.Build.0 = Debug|Any CPU
		{986BB856-D768-4644-8084-B162B7BC1AAE}.Release|Any CPU.ActiveCfg = Release|Any CPU
		{986BB856-D768-4644-8084-B162B7BC1AAE}.Release|Any CPU.Build.0 = Release|Any CPU
	EndGlobalSection
EndGlobal
